
Microsoft Visual Studio Solution File, Format Version 12.00
# Visual Studio Version 16
VisualStudioVersion = 16.0.31624.102
MinimumVisualStudioVersion = 10.0.40219.1
Project("{FAE04EC0-301F-11D3-BF4B-00C04F79EFBC}") = "Module5 Lab", "Module5 Lab\Module5 Lab.csproj", "{AAA23F7F-5044-4536-9436-8D576F463818}"
EndProject
Global
	GlobalSection(SolutionConfigurationPlatforms) = preSolution
		Debug|Any CPU = Debug|Any CPU
		Release|Any CPU = Release|Any CPU
	EndGlobalSection
	GlobalSection(ProjectConfigurationPlatforms) = postSolution
		{AAA23F7F-5044-4536-9436-8D576F463818}.Debug|Any CPU.ActiveCfg = Debug|Any CPU
		{AAA23F7F-5044-4536-9436-8D576F463818}.Debug|Any CPU.Build.0 = Debug|Any CPU
		{AAA23F7F-5044-4536-9436-8D576F463818}.Release|Any CPU.ActiveCfg = Release|Any CPU
		{AAA23F7F-5044-4536-9436-8D576F463818}.Release|Any CPU.Build.0 = Release|Any CPU
	EndGlobalSection
	GlobalSection(SolutionProperties) = preSolution
		HideSolutionNode = FALSE
	EndGlobalSection
	GlobalSection(ExtensibilityGlobals) = postSolution
		SolutionGuid = {733A5335-86B8-40DC-A168-EEC492E43319}
	EndGlobalSection
EndGlobal
