
Microsoft Visual Studio Solution File, Format Version 12.00
# Visual Studio Version 16
VisualStudioVersion = 16.0.31624.102
MinimumVisualStudioVersion = 10.0.40219.1
Project("{FAE04EC0-301F-11D3-BF4B-00C04F79EFBC}") = "Module4 Assignment", "Module4 Assignment\Module4 Assignment.csproj", "{7F68E69A-9A6E-485D-9407-6BE07AA18FB2}"
EndProject
Global
	GlobalSection(SolutionConfigurationPlatforms) = preSolution
		Debug|Any CPU = Debug|Any CPU
		Release|Any CPU = Release|Any CPU
	EndGlobalSection
	GlobalSection(ProjectConfigurationPlatforms) = postSolution
		{7F68E69A-9A6E-485D-9407-6BE07AA18FB2}.Debug|Any CPU.ActiveCfg = Debug|Any CPU
		{7F68E69A-9A6E-485D-9407-6BE07AA18FB2}.Debug|Any CPU.Build.0 = Debug|Any CPU
		{7F68E69A-9A6E-485D-9407-6BE07AA18FB2}.Release|Any CPU.ActiveCfg = Release|Any CPU
		{7F68E69A-9A6E-485D-9407-6BE07AA18FB2}.Release|Any CPU.Build.0 = Release|Any CPU
	EndGlobalSection
	GlobalSection(SolutionProperties) = preSolution
		HideSolutionNode = FALSE
	EndGlobalSection
	GlobalSection(ExtensibilityGlobals) = postSolution
		SolutionGuid = {46FF71AA-9251-45FE-8A82-6757440CF315}
	EndGlobalSection
EndGlobal
